// !$*UTF8*$!
{
	archiveVersion = 1;
	classes = {
	};
	objectVersion = 50;
	objects = {

/* Begin PBXBuildFile section */
		85940E2520AFEC7A00BA7024 /* AppDelegate.swift in Sources */ = {isa = PBXBuildFile; fileRef = 85940E2420AFEC7A00BA7024 /* AppDelegate.swift */; };
		85940E2720AFEC7A00BA7024 /* ViewController.swift in Sources */ = {isa = PBXBuildFile; fileRef = 85940E2620AFEC7A00BA7024 /* ViewController.swift */; };
		85940E2A20AFEC7A00BA7024 /* Main.storyboard in Resources */ = {isa = PBXBuildFile; fileRef = 85940E2820AFEC7A00BA7024 /* Main.storyboard */; };
		85940E2D20AFEC7A00BA7024 /* MessagingTest.xcdatamodeld in Sources */ = {isa = PBXBuildFile; fileRef = 85940E2B20AFEC7A00BA7024 /* MessagingTest.xcdatamodeld */; };
		85940E2F20AFEC7B00BA7024 /* Assets.xcassets in Resources */ = {isa = PBXBuildFile; fileRef = 85940E2E20AFEC7B00BA7024 /* Assets.xcassets */; };
		85940E3220AFEC7B00BA7024 /* LaunchScreen.storyboard in Resources */ = {isa = PBXBuildFile; fileRef = 85940E3020AFEC7B00BA7024 /* LaunchScreen.storyboard */; };
		85940E3A20AFF19900BA7024 /* GoogleService-Info.plist in Resources */ = {isa = PBXBuildFile; fileRef = 85940E3920AFF19900BA7024 /* GoogleService-Info.plist */; };
		DF45B0FFA48DBA304E71F4E7 /* Pods_MessagingTest.framework in Frameworks */ = {isa = PBXBuildFile; fileRef = 39E3855927D6CF28E92006CD /* Pods_MessagingTest.framework */; };
/* End PBXBuildFile section */

/* Begin PBXFileReference section */
		38C0C2915AA1CE021093BF7D /* Pods-MessagingTest.release.xcconfig */ = {isa = PBXFileReference; includeInIndex = 1; lastKnownFileType = text.xcconfig; name = "Pods-MessagingTest.release.xcconfig"; path = "Pods/Target Support Files/Pods-MessagingTest/Pods-MessagingTest.release.xcconfig"; sourceTree = "<group>"; };
		39E3855927D6CF28E92006CD /* Pods_MessagingTest.framework */ = {isa = PBXFileReference; explicitFileType = wrapper.framework; includeInIndex = 0; path = Pods_MessagingTest.framework; sourceTree = BUILT_PRODUCTS_DIR; };
		85940E2120AFEC7A00BA7024 /* MessagingTest.app */ = {isa = PBXFileReference; explicitFileType = wrapper.application; includeInIndex = 0; path = MessagingTest.app; sourceTree = BUILT_PRODUCTS_DIR; };
		85940E2420AFEC7A00BA7024 /* AppDelegate.swift */ = {isa = PBXFileReference; lastKnownFileType = sourcecode.swift; path = AppDelegate.swift; sourceTree = "<group>"; };
		85940E2620AFEC7A00BA7024 /* ViewController.swift */ = {isa = PBXFileReference; lastKnownFileType = sourcecode.swift; path = ViewController.swift; sourceTree = "<group>"; };
		85940E2920AFEC7A00BA7024 /* Base */ = {isa = PBXFileReference; lastKnownFileType = file.storyboard; name = Base; path = Base.lproj/Main.storyboard; sourceTree = "<group>"; };
		85940E2C20AFEC7A00BA7024 /* MessagingTest.xcdatamodel */ = {isa = PBXFileReference; lastKnownFileType = wrapper.xcdatamodel; path = MessagingTest.xcdatamodel; sourceTree = "<group>"; };
		85940E2E20AFEC7B00BA7024 /* Assets.xcassets */ = {isa = PBXFileReference; lastKnownFileType = folder.assetcatalog; path = Assets.xcassets; sourceTree = "<group>"; };
		85940E3120AFEC7B00BA7024 /* Base */ = {isa = PBXFileReference; lastKnownFileType = file.storyboard; name = Base; path = Base.lproj/LaunchScreen.storyboard; sourceTree = "<group>"; };
		85940E3320AFEC7B00BA7024 /* Info.plist */ = {isa = PBXFileReference; lastKnownFileType = text.plist.xml; path = Info.plist; sourceTree = "<group>"; };
		85940E3920AFF19900BA7024 /* GoogleService-Info.plist */ = {isa = PBXFileReference; fileEncoding = 4; lastKnownFileType = text.plist.xml; path = "GoogleService-Info.plist"; sourceTree = "<group>"; };
		C16DD9C9983533080D33889B /* Pods-MessagingTest.debug.xcconfig */ = {isa = PBXFileReference; includeInIndex = 1; lastKnownFileType = text.xcconfig; name = "Pods-MessagingTest.debug.xcconfig"; path = "Pods/Target Support Files/Pods-MessagingTest/Pods-MessagingTest.debug.xcconfig"; sourceTree = "<group>"; };
/* End PBXFileReference section */

/* Begin PBXFrameworksBuildPhase section */
		85940E1E20AFEC7A00BA7024 /* Frameworks */ = {
			isa = PBXFrameworksBuildPhase;
			buildActionMask = 2147483647;
			files = (
				DF45B0FFA48DBA304E71F4E7 /* Pods_MessagingTest.framework in Frameworks */,
			);
			runOnlyForDeploymentPostprocessing = 0;
		};
/* End PBXFrameworksBuildPhase section */

/* Begin PBXGroup section */
		02ACC3AAD5BEC0C5BCBBBA8F /* Pods */ = {
			isa = PBXGroup;
			children = (
				C16DD9C9983533080D33889B /* Pods-MessagingTest.debug.xcconfig */,
				38C0C2915AA1CE021093BF7D /* Pods-MessagingTest.release.xcconfig */,
			);
			name = Pods;
			sourceTree = "<group>";
		};
		85940E1820AFEC7A00BA7024 = {
			isa = PBXGroup;
			children = (
				85940E2320AFEC7A00BA7024 /* MessagingTest */,
				85940E2220AFEC7A00BA7024 /* Products */,
				02ACC3AAD5BEC0C5BCBBBA8F /* Pods */,
				F0F128FA56B4A59D2E47B343 /* Frameworks */,
			);
			sourceTree = "<group>";
		};
		85940E2220AFEC7A00BA7024 /* Products */ = {
			isa = PBXGroup;
			children = (
				85940E2120AFEC7A00BA7024 /* MessagingTest.app */,
			);
			name = Products;
			sourceTree = "<group>";
		};
		85940E2320AFEC7A00BA7024 /* MessagingTest */ = {
			isa = PBXGroup;
			children = (
				85940E3920AFF19900BA7024 /* GoogleService-Info.plist */,
				85940E2420AFEC7A00BA7024 /* AppDelegate.swift */,
				85940E2620AFEC7A00BA7024 /* ViewController.swift */,
				85940E2820AFEC7A00BA7024 /* Main.storyboard */,
				85940E2E20AFEC7B00BA7024 /* Assets.xcassets */,
				85940E3020AFEC7B00BA7024 /* LaunchScreen.storyboard */,
				85940E3320AFEC7B00BA7024 /* Info.plist */,
				85940E2B20AFEC7A00BA7024 /* MessagingTest.xcdatamodeld */,
			);
			path = MessagingTest;
			sourceTree = "<group>";
		};
		F0F128FA56B4A59D2E47B343 /* Frameworks */ = {
			isa = PBXGroup;
			children = (
				39E3855927D6CF28E92006CD /* Pods_MessagingTest.framework */,
			);
			name = Frameworks;
			sourceTree = "<group>";
		};
/* End PBXGroup section */

/* Begin PBXNativeTarget section */
		85940E2020AFEC7A00BA7024 /* MessagingTest */ = {
			isa = PBXNativeTarget;
			buildConfigurationList = 85940E3620AFEC7B00BA7024 /* Build configuration list for PBXNativeTarget "MessagingTest" */;
			buildPhases = (
				BD63CC1CDEFCBCF5A3198296 /* [CP] Check Pods Manifest.lock */,
				85940E1D20AFEC7A00BA7024 /* Sources */,
				85940E1E20AFEC7A00BA7024 /* Frameworks */,
				85940E1F20AFEC7A00BA7024 /* Resources */,
				DB8CC5D95815D045289150D1 /* [CP] Embed Pods Frameworks */,
				F08A87B2215C5933A997110A /* [CP] Copy Pods Resources */,
			);
			buildRules = (
			);
			dependencies = (
			);
			name = MessagingTest;
			productName = MessagingTest;
			productReference = 85940E2120AFEC7A00BA7024 /* MessagingTest.app */;
			productType = "com.apple.product-type.application";
		};
/* End PBXNativeTarget section */

/* Begin PBXProject section */
		85940E1920AFEC7A00BA7024 /* Project object */ = {
			isa = PBXProject;
			attributes = {
				LastSwiftUpdateCheck = 0930;
				LastUpgradeCheck = 0930;
				ORGANIZATIONNAME = "Yevgeniy Malyshev";
				TargetAttributes = {
					85940E2020AFEC7A00BA7024 = {
						CreatedOnToolsVersion = 9.3.1;
					};
				};
			};
			buildConfigurationList = 85940E1C20AFEC7A00BA7024 /* Build configuration list for PBXProject "MessagingTest" */;
			compatibilityVersion = "Xcode 9.3";
			developmentRegion = en;
			hasScannedForEncodings = 0;
			knownRegions = (
				en,
				Base,
			);
			mainGroup = 85940E1820AFEC7A00BA7024;
			productRefGroup = 85940E2220AFEC7A00BA7024 /* Products */;
			projectDirPath = "";
			projectRoot = "";
			targets = (
				85940E2020AFEC7A00BA7024 /* MessagingTest */,
			);
		};
/* End PBXProject section */

/* Begin PBXResourcesBuildPhase section */
		85940E1F20AFEC7A00BA7024 /* Resources */ = {
			isa = PBXResourcesBuildPhase;
			buildActionMask = 2147483647;
			files = (
				85940E3220AFEC7B00BA7024 /* LaunchScreen.storyboard in Resources */,
				85940E3A20AFF19900BA7024 /* GoogleService-Info.plist in Resources */,
				85940E2F20AFEC7B00BA7024 /* Assets.xcassets in Resources */,
				85940E2A20AFEC7A00BA7024 /* Main.storyboard in Resources */,
			);
			runOnlyForDeploymentPostprocessing = 0;
		};
/* End PBXResourcesBuildPhase section */

/* Begin PBXShellScriptBuildPhase section */
		BD63CC1CDEFCBCF5A3198296 /* [CP] Check Pods Manifest.lock */ = {
			isa = PBXShellScriptBuildPhase;
			buildActionMask = 2147483647;
			files = (
			);
			inputPaths = (
				"${PODS_PODFILE_DIR_PATH}/Podfile.lock",
				"${PODS_ROOT}/Manifest.lock",
			);
			name = "[CP] Check Pods Manifest.lock";
			outputPaths = (
				"$(DERIVED_FILE_DIR)/Pods-MessagingTest-checkManifestLockResult.txt",
			);
			runOnlyForDeploymentPostprocessing = 0;
			shellPath = /bin/sh;
			shellScript = "diff \"${PODS_PODFILE_DIR_PATH}/Podfile.lock\" \"${PODS_ROOT}/Manifest.lock\" > /dev/null\nif [ $? != 0 ] ; then\n    # print error to STDERR\n    echo \"error: The sandbox is not in sync with the Podfile.lock. Run 'pod install' or update your CocoaPods installation.\" >&2\n    exit 1\nfi\n# This output is used by Xcode 'outputs' to avoid re-running this script phase.\necho \"SUCCESS\" > \"${SCRIPT_OUTPUT_FILE_0}\"\n";
			showEnvVarsInLog = 0;
		};
		DB8CC5D95815D045289150D1 /* [CP] Embed Pods Frameworks */ = {
			isa = PBXShellScriptBuildPhase;
			buildActionMask = 2147483647;
			files = (
			);
			inputPaths = (
				"${SRCROOT}/Pods/Target Support Files/Pods-MessagingTest/Pods-MessagingTest-frameworks.sh",
				"${BUILT_PRODUCTS_DIR}/GoogleToolboxForMac/GoogleToolboxForMac.framework",
				"${BUILT_PRODUCTS_DIR}/Protobuf/Protobuf.framework",
				"${BUILT_PRODUCTS_DIR}/nanopb/nanopb.framework",
			);
			name = "[CP] Embed Pods Frameworks";
			outputPaths = (
				"${TARGET_BUILD_DIR}/${FRAMEWORKS_FOLDER_PATH}/GoogleToolboxForMac.framework",
				"${TARGET_BUILD_DIR}/${FRAMEWORKS_FOLDER_PATH}/Protobuf.framework",
				"${TARGET_BUILD_DIR}/${FRAMEWORKS_FOLDER_PATH}/nanopb.framework",
			);
			runOnlyForDeploymentPostprocessing = 0;
			shellPath = /bin/sh;
			shellScript = "\"${SRCROOT}/Pods/Target Support Files/Pods-MessagingTest/Pods-MessagingTest-frameworks.sh\"\n";
			showEnvVarsInLog = 0;
		};
		F08A87B2215C5933A997110A /* [CP] Copy Pods Resources */ = {
			isa = PBXShellScriptBuildPhase;
			buildActionMask = 2147483647;
			files = (
			);
			inputPaths = (
			);
			name = "[CP] Copy Pods Resources";
			outputPaths = (
			);
			runOnlyForDeploymentPostprocessing = 0;
			shellPath = /bin/sh;
			shellScript = "\"${SRCROOT}/Pods/Target Support Files/Pods-MessagingTest/Pods-MessagingTest-resources.sh\"\n";
			showEnvVarsInLog = 0;
		};
/* End PBXShellScriptBuildPhase section */

/* Begin PBXSourcesBuildPhase section */
		85940E1D20AFEC7A00BA7024 /* Sources */ = {
			isa = PBXSourcesBuildPhase;
			buildActionMask = 2147483647;
			files = (
				85940E2720AFEC7A00BA7024 /* ViewController.swift in Sources */,
				85940E2520AFEC7A00BA7024 /* AppDelegate.swift in Sources */,
				85940E2D20AFEC7A00BA7024 /* MessagingTest.xcdatamodeld in Sources */,
			);
			runOnlyForDeploymentPostprocessing = 0;
		};
/* End PBXSourcesBuildPhase section */

/* Begin PBXVariantGroup section */
		85940E2820AFEC7A00BA7024 /* Main.storyboard */ = {
			isa = PBXVariantGroup;
			children = (
				85940E2920AFEC7A00BA7024 /* Base */,
			);
			name = Main.storyboard;
			sourceTree = "<group>";
		};
		85940E3020AFEC7B00BA7024 /* LaunchScreen.storyboard */ = {
			isa = PBXVariantGroup;
			children = (
				85940E3120AFEC7B00BA7024 /* Base */,
			);
			name = LaunchScreen.storyboard;
			sourceTree = "<group>";
		};
/* End PBXVariantGroup section */

/* Begin XCBuildConfiguration section */
		85940E3420AFEC7B00BA7024 /* Debug */ = {
			isa = XCBuildConfiguration;
			buildSettings = {
				ALWAYS_SEARCH_USER_PATHS = NO;
				CLANG_ANALYZER_NONNULL = YES;
				CLANG_ANALYZER_NUMBER_OBJECT_CONVERSION = YES_AGGRESSIVE;
				CLANG_CXX_LANGUAGE_STANDARD = "gnu++14";
				CLANG_CXX_LIBRARY = "libc++";
				CLANG_ENABLE_MODULES = YES;
				CLANG_ENABLE_OBJC_ARC = YES;
				CLANG_ENABLE_OBJC_WEAK = YES;
				CLANG_WARN_BLOCK_CAPTURE_AUTORELEASING = YES;
				CLANG_WARN_BOOL_CONVERSION = YES;
				CLANG_WARN_COMMA = YES;
				CLANG_WARN_CONSTANT_CONVERSION = YES;
				CLANG_WARN_DEPRECATED_OBJC_IMPLEMENTATIONS = YES;
				CLANG_WARN_DIRECT_OBJC_ISA_USAGE = YES_ERROR;
				CLANG_WARN_DOCUMENTATION_COMMENTS = YES;
				CLANG_WARN_EMPTY_BODY = YES;
				CLANG_WARN_ENUM_CONVERSION = YES;
				CLANG_WARN_INFINITE_RECURSION = YES;
				CLANG_WARN_INT_CONVERSION = YES;
				CLANG_WARN_NON_LITERAL_NULL_CONVERSION = YES;
				CLANG_WARN_OBJC_IMPLICIT_RETAIN_SELF = YES;
				CLANG_WARN_OBJC_LITERAL_CONVERSION = YES;
				CLANG_WARN_OBJC_ROOT_CLASS = YES_ERROR;
				CLANG_WARN_RANGE_LOOP_ANALYSIS = YES;
				CLANG_WARN_STRICT_PROTOTYPES = YES;
				CLANG_WARN_SUSPICIOUS_MOVE = YES;
				CLANG_WARN_UNGUARDED_AVAILABILITY = YES_AGGRESSIVE;
				CLANG_WARN_UNREACHABLE_CODE = YES;
				CLANG_WARN__DUPLICATE_METHOD_MATCH = YES;
				CODE_SIGN_IDENTITY = "iPhone Developer";
				COPY_PHASE_STRIP = NO;
				DEBUG_INFORMATION_FORMAT = dwarf;
				ENABLE_STRICT_OBJC_MSGSEND = YES;
				ENABLE_TESTABILITY = YES;
				GCC_C_LANGUAGE_STANDARD = gnu11;
				GCC_DYNAMIC_NO_PIC = NO;
				GCC_NO_COMMON_BLOCKS = YES;
				GCC_OPTIMIZATION_LEVEL = 0;
				GCC_PREPROCESSOR_DEFINITIONS = (
					"DEBUG=1",
					"$(inherited)",
				);
				GCC_WARN_64_TO_32_BIT_CONVERSION = YES;
				GCC_WARN_ABOUT_RETURN_TYPE = YES_ERROR;
				GCC_WARN_UNDECLARED_SELECTOR = YES;
				GCC_WARN_UNINITIALIZED_AUTOS = YES_AGGRESSIVE;
				GCC_WARN_UNUSED_FUNCTION = YES;
				GCC_WARN_UNUSED_VARIABLE = YES;
				IPHONEOS_DEPLOYMENT_TARGET = 11.3;
				MTL_ENABLE_DEBUG_INFO = YES;
				ONLY_ACTIVE_ARCH = YES;
				SDKROOT = iphoneos;
				SWIFT_ACTIVE_COMPILATION_CONDITIONS = DEBUG;
				SWIFT_OPTIMIZATION_LEVEL = "-Onone";
			};
			name = Debug;
		};
		85940E3520AFEC7B00BA7024 /* Release */ = {
			isa = XCBuildConfiguration;
			buildSettings = {
				ALWAYS_SEARCH_USER_PATHS = NO;
				CLANG_ANALYZER_NONNULL = YES;
				CLANG_ANALYZER_NUMBER_OBJECT_CONVERSION = YES_AGGRESSIVE;
				CLANG_CXX_LANGUAGE_STANDARD = "gnu++14";
				CLANG_CXX_LIBRARY = "libc++";
				CLANG_ENABLE_MODULES = YES;
				CLANG_ENABLE_OBJC_ARC = YES;
				CLANG_ENABLE_OBJC_WEAK = YES;
				CLANG_WARN_BLOCK_CAPTURE_AUTORELEASING = YES;
				CLANG_WARN_BOOL_CONVERSION = YES;
				CLANG_WARN_COMMA = YES;
				CLANG_WARN_CONSTANT_CONVERSION = YES;
				CLANG_WARN_DEPRECATED_OBJC_IMPLEMENTATIONS = YES;
				CLANG_WARN_DIRECT_OBJC_ISA_USAGE = YES_ERROR;
				CLANG_WARN_DOCUMENTATION_COMMENTS = YES;
				CLANG_WARN_EMPTY_BODY = YES;
				CLANG_WARN_ENUM_CONVERSION = YES;
				CLANG_WARN_INFINITE_RECURSION = YES;
				CLANG_WARN_INT_CONVERSION = YES;
				CLANG_WARN_NON_LITERAL_NULL_CONVERSION = YES;
				CLANG_WARN_OBJC_IMPLICIT_RETAIN_SELF = YES;
				CLANG_WARN_OBJC_LITERAL_CONVERSION = YES;
				CLANG_WARN_OBJC_ROOT_CLASS = YES_ERROR;
				CLANG_WARN_RANGE_LOOP_ANALYSIS = YES;
				CLANG_WARN_STRICT_PROTOTYPES = YES;
				CLANG_WARN_SUSPICIOUS_MOVE = YES;
				CLANG_WARN_UNGUARDED_AVAILABILITY = YES_AGGRESSIVE;
				CLANG_WARN_UNREACHABLE_CODE = YES;
				CLANG_WARN__DUPLICATE_METHOD_MATCH = YES;
				CODE_SIGN_IDENTITY = "iPhone Developer";
				COPY_PHASE_STRIP = NO;
				DEBUG_INFORMATION_FORMAT = "dwarf-with-dsym";
				ENABLE_NS_ASSERTIONS = NO;
				ENABLE_STRICT_OBJC_MSGSEND = YES;
				GCC_C_LANGUAGE_STANDARD = gnu11;
				GCC_NO_COMMON_BLOCKS = YES;
				GCC_WARN_64_TO_32_BIT_CONVERSION = YES;
				GCC_WARN_ABOUT_RETURN_TYPE = YES_ERROR;
				GCC_WARN_UNDECLARED_SELECTOR = YES;
				GCC_WARN_UNINITIALIZED_AUTOS = YES_AGGRESSIVE;
				GCC_WARN_UNUSED_FUNCTION = YES;
				GCC_WARN_UNUSED_VARIABLE = YES;
				IPHONEOS_DEPLOYMENT_TARGET = 11.3;
				MTL_ENABLE_DEBUG_INFO = NO;
				SDKROOT = iphoneos;
				SWIFT_COMPILATION_MODE = wholemodule;
				SWIFT_OPTIMIZATION_LEVEL = "-O";
				VALIDATE_PRODUCT = YES;
			};
			name = Release;
		};
		85940E3720AFEC7B00BA7024 /* Debug */ = {
			isa = XCBuildConfiguration;
			baseConfigurationReference = C16DD9C9983533080D33889B /* Pods-MessagingTest.debug.xcconfig */;
			buildSettings = {
				ASSETCATALOG_COMPILER_APPICON_NAME = AppIcon;
				CODE_SIGN_STYLE = Automatic;
				INFOPLIST_FILE = MessagingTest/Info.plist;
				LD_RUNPATH_SEARCH_PATHS = (
					"$(inherited)",
					"@executable_path/Frameworks",
				);
				PRODUCT_BUNDLE_IDENTIFIER = com.messagintest.ios.MessagingTest;
				PRODUCT_NAME = "$(TARGET_NAME)";
				SWIFT_VERSION = 4.0;
				TARGETED_DEVICE_FAMILY = "1,2";
			};
			name = Debug;
		};
		85940E3820AFEC7B00BA7024 /* Release */ = {
			isa = XCBuildConfiguration;
			baseConfigurationReference = 38C0C2915AA1CE021093BF7D /* Pods-MessagingTest.release.xcconfig */;
			buildSettings = {
				ASSETCATALOG_COMPILER_APPICON_NAME = AppIcon;
				CODE_SIGN_STYLE = Automatic;
				INFOPLIST_FILE = MessagingTest/Info.plist;
				LD_RUNPATH_SEARCH_PATHS = (
					"$(inherited)",
					"@executable_path/Frameworks",
				);
				PRODUCT_BUNDLE_IDENTIFIER = com.messagintest.ios.MessagingTest;
				PRODUCT_NAME = "$(TARGET_NAME)";
				SWIFT_VERSION = 4.0;
				TARGETED_DEVICE_FAMILY = "1,2";
			};
			name = Release;
		};
/* End XCBuildConfiguration section */

/* Begin XCConfigurationList section */
		85940E1C20AFEC7A00BA7024 /* Build configuration list for PBXProject "MessagingTest" */ = {
			isa = XCConfigurationList;
			buildConfigurations = (
				85940E3420AFEC7B00BA7024 /* Debug */,
				85940E3520AFEC7B00BA7024 /* Release */,
			);
			defaultConfigurationIsVisible = 0;
			defaultConfigurationName = Release;
		};
		85940E3620AFEC7B00BA7024 /* Build configuration list for PBXNativeTarget "MessagingTest" */ = {
			isa = XCConfigurationList;
			buildConfigurations = (
				85940E3720AFEC7B00BA7024 /* Debug */,
				85940E3820AFEC7B00BA7024 /* Release */,
			);
			defaultConfigurationIsVisible = 0;
			defaultConfigurationName = Release;
		};
/* End XCConfigurationList section */

/* Begin XCVersionGroup section */
		85940E2B20AFEC7A00BA7024 /* MessagingTest.xcdatamodeld */ = {
			isa = XCVersionGroup;
			children = (
				85940E2C20AFEC7A00BA7024 /* MessagingTest.xcdatamodel */,
			);
			currentVersion = 85940E2C20AFEC7A00BA7024 /* MessagingTest.xcdatamodel */;
			path = MessagingTest.xcdatamodeld;
			sourceTree = "<group>";
			versionGroupType = wrapper.xcdatamodel;
		};
/* End XCVersionGroup section */
	};
	rootObject = 85940E1920AFEC7A00BA7024 /* Project object */;
}
